// !$*UTF8*$!
{
	archiveVersion = 1;
	classes = {
	};
	objectVersion = 56;
	objects = {

/* Begin PBXBuildFile section */
		78C74BFE294DA1DC00EE35F8 /* AppDelegate.swift in Sources */ = {isa = PBXBuildFile; fileRef = 78C74BFD294DA1DC00EE35F8 /* AppDelegate.swift */; };
		78C74C00294DA1DC00EE35F8 /* SceneDelegate.swift in Sources */ = {isa = PBXBuildFile; fileRef = 78C74BFF294DA1DC00EE35F8 /* SceneDelegate.swift */; };
		78C74C02294DA1DC00EE35F8 /* ViewController.swift in Sources */ = {isa = PBXBuildFile; fileRef = 78C74C01294DA1DC00EE35F8 /* ViewController.swift */; };
		78C74C05294DA1DC00EE35F8 /* Main.storyboard in Resources */ = {isa = PBXBuildFile; fileRef = 78C74C03294DA1DC00EE35F8 /* Main.storyboard */; };
		78C74C07294DA1DE00EE35F8 /* Assets.xcassets in Resources */ = {isa = PBXBuildFile; fileRef = 78C74C06294DA1DE00EE35F8 /* Assets.xcassets */; };
		78C74C0A294DA1DE00EE35F8 /* LaunchScreen.storyboard in Resources */ = {isa = PBXBuildFile; fileRef = 78C74C08294DA1DE00EE35F8 /* LaunchScreen.storyboard */; };
		78C74C13294DA44D00EE35F8 /* productCollectionViewCell.swift in Sources */ = {isa = PBXBuildFile; fileRef = 78C74C11294DA44D00EE35F8 /* productCollectionViewCell.swift */; };
		78C74C14294DA44D00EE35F8 /* productCollectionViewCell.xib in Resources */ = {isa = PBXBuildFile; fileRef = 78C74C12294DA44D00EE35F8 /* productCollectionViewCell.xib */; };
		78C74C17294DA51600EE35F8 /* UserTableViewCell.swift in Sources */ = {isa = PBXBuildFile; fileRef = 78C74C15294DA51600EE35F8 /* UserTableViewCell.swift */; };
		78C74C18294DA51600EE35F8 /* UserTableViewCell.xib in Resources */ = {isa = PBXBuildFile; fileRef = 78C74C16294DA51600EE35F8 /* UserTableViewCell.xib */; };
		78C74C1A294DA61600EE35F8 /* productModel.swift in Sources */ = {isa = PBXBuildFile; fileRef = 78C74C19294DA61600EE35F8 /* productModel.swift */; };
		78C74C1C294DA62900EE35F8 /* userModel.swift in Sources */ = {isa = PBXBuildFile; fileRef = 78C74C1B294DA62900EE35F8 /* userModel.swift */; };
		E609507A0E2653B4D9BB41C4 /* Pods_apiFetchingInCollectionViewAndTableView.framework in Frameworks */ = {isa = PBXBuildFile; fileRef = 06A34AD52175C0288B8E31EA /* Pods_apiFetchingInCollectionViewAndTableView.framework */; };
/* End PBXBuildFile section */

/* Begin PBXFileReference section */
		06A34AD52175C0288B8E31EA /* Pods_apiFetchingInCollectionViewAndTableView.framework */ = {isa = PBXFileReference; explicitFileType = wrapper.framework; includeInIndex = 0; path = Pods_apiFetchingInCollectionViewAndTableView.framework; sourceTree = BUILT_PRODUCTS_DIR; };
		632F9F59D348914D150CF551 /* Pods-apiFetchingInCollectionViewAndTableView.release.xcconfig */ = {isa = PBXFileReference; includeInIndex = 1; lastKnownFileType = text.xcconfig; name = "Pods-apiFetchingInCollectionViewAndTableView.release.xcconfig"; path = "Target Support Files/Pods-apiFetchingInCollectionViewAndTableView/Pods-apiFetchingInCollectionViewAndTableView.release.xcconfig"; sourceTree = "<group>"; };
		78314E06A60092344D4696C5 /* Pods-apiFetchingInCollectionViewAndTableView.debug.xcconfig */ = {isa = PBXFileReference; includeInIndex = 1; lastKnownFileType = text.xcconfig; name = "Pods-apiFetchingInCollectionViewAndTableView.debug.xcconfig"; path = "Target Support Files/Pods-apiFetchingInCollectionViewAndTableView/Pods-apiFetchingInCollectionViewAndTableView.debug.xcconfig"; sourceTree = "<group>"; };
		78C74BFA294DA1DC00EE35F8 /* apiFetchingInCollectionViewAndTableView.app */ = {isa = PBXFileReference; explicitFileType = wrapper.application; includeInIndex = 0; path = apiFetchingInCollectionViewAndTableView.app; sourceTree = BUILT_PRODUCTS_DIR; };
		78C74BFD294DA1DC00EE35F8 /* AppDelegate.swift */ = {isa = PBXFileReference; lastKnownFileType = sourcecode.swift; path = AppDelegate.swift; sourceTree = "<group>"; };
		78C74BFF294DA1DC00EE35F8 /* SceneDelegate.swift */ = {isa = PBXFileReference; lastKnownFileType = sourcecode.swift; path = SceneDelegate.swift; sourceTree = "<group>"; };
		78C74C01294DA1DC00EE35F8 /* ViewController.swift */ = {isa = PBXFileReference; lastKnownFileType = sourcecode.swift; path = ViewController.swift; sourceTree = "<group>"; };
		78C74C04294DA1DC00EE35F8 /* Base */ = {isa = PBXFileReference; lastKnownFileType = file.storyboard; name = Base; path = Base.lproj/Main.storyboard; sourceTree = "<group>"; };
		78C74C06294DA1DE00EE35F8 /* Assets.xcassets */ = {isa = PBXFileReference; lastKnownFileType = folder.assetcatalog; path = Assets.xcassets; sourceTree = "<group>"; };
		78C74C09294DA1DE00EE35F8 /* Base */ = {isa = PBXFileReference; lastKnownFileType = file.storyboard; name = Base; path = Base.lproj/LaunchScreen.storyboard; sourceTree = "<group>"; };
		78C74C0B294DA1DE00EE35F8 /* Info.plist */ = {isa = PBXFileReference; lastKnownFileType = text.plist.xml; path = Info.plist; sourceTree = "<group>"; };
		78C74C11294DA44D00EE35F8 /* productCollectionViewCell.swift */ = {isa = PBXFileReference; lastKnownFileType = sourcecode.swift; path = productCollectionViewCell.swift; sourceTree = "<group>"; };
		78C74C12294DA44D00EE35F8 /* productCollectionViewCell.xib */ = {isa = PBXFileReference; lastKnownFileType = file.xib; path = productCollectionViewCell.xib; sourceTree = "<group>"; };
		78C74C15294DA51600EE35F8 /* UserTableViewCell.swift */ = {isa = PBXFileReference; lastKnownFileType = sourcecode.swift; path = UserTableViewCell.swift; sourceTree = "<group>"; };
		78C74C16294DA51600EE35F8 /* UserTableViewCell.xib */ = {isa = PBXFileReference; lastKnownFileType = file.xib; path = UserTableViewCell.xib; sourceTree = "<group>"; };
		78C74C19294DA61600EE35F8 /* productModel.swift */ = {isa = PBXFileReference; lastKnownFileType = sourcecode.swift; path = productModel.swift; sourceTree = "<group>"; };
		78C74C1B294DA62900EE35F8 /* userModel.swift */ = {isa = PBXFileReference; lastKnownFileType = sourcecode.swift; path = userModel.swift; sourceTree = "<group>"; };
/* End PBXFileReference section */

/* Begin PBXFrameworksBuildPhase section */
		78C74BF7294DA1DC00EE35F8 /* Frameworks */ = {
			isa = PBXFrameworksBuildPhase;
			buildActionMask = 2147483647;
			files = (
				E609507A0E2653B4D9BB41C4 /* Pods_apiFetchingInCollectionViewAndTableView.framework in Frameworks */,
			);
			runOnlyForDeploymentPostprocessing = 0;
		};
/* End PBXFrameworksBuildPhase section */

/* Begin PBXGroup section */
		38263807081C85B77FE6F1AD /* Pods */ = {
			isa = PBXGroup;
			children = (
				78314E06A60092344D4696C5 /* Pods-apiFetchingInCollectionViewAndTableView.debug.xcconfig */,
				632F9F59D348914D150CF551 /* Pods-apiFetchingInCollectionViewAndTableView.release.xcconfig */,
			);
			path = Pods;
			sourceTree = "<group>";
		};
		78C74BF1294DA1DC00EE35F8 = {
			isa = PBXGroup;
			children = (
				78C74C1B294DA62900EE35F8 /* userModel.swift */,
				78C74C19294DA61600EE35F8 /* productModel.swift */,
				78C74C15294DA51600EE35F8 /* UserTableViewCell.swift */,
				78C74C16294DA51600EE35F8 /* UserTableViewCell.xib */,
				78C74C11294DA44D00EE35F8 /* productCollectionViewCell.swift */,
				78C74C12294DA44D00EE35F8 /* productCollectionViewCell.xib */,
				78C74BFC294DA1DC00EE35F8 /* apiFetchingInCollectionViewAndTableView */,
				78C74BFB294DA1DC00EE35F8 /* Products */,
				38263807081C85B77FE6F1AD /* Pods */,
				9880A8F1DBC0B54320B4CEB0 /* Frameworks */,
			);
			sourceTree = "<group>";
		};
		78C74BFB294DA1DC00EE35F8 /* Products */ = {
			isa = PBXGroup;
			children = (
				78C74BFA294DA1DC00EE35F8 /* apiFetchingInCollectionViewAndTableView.app */,
			);
			name = Products;
			sourceTree = "<group>";
		};
		78C74BFC294DA1DC00EE35F8 /* apiFetchingInCollectionViewAndTableView */ = {
			isa = PBXGroup;
			children = (
				78C74BFD294DA1DC00EE35F8 /* AppDelegate.swift */,
				78C74BFF294DA1DC00EE35F8 /* SceneDelegate.swift */,
				78C74C01294DA1DC00EE35F8 /* ViewController.swift */,
				78C74C03294DA1DC00EE35F8 /* Main.storyboard */,
				78C74C06294DA1DE00EE35F8 /* Assets.xcassets */,
				78C74C08294DA1DE00EE35F8 /* LaunchScreen.storyboard */,
				78C74C0B294DA1DE00EE35F8 /* Info.plist */,
			);
			path = apiFetchingInCollectionViewAndTableView;
			sourceTree = "<group>";
		};
		9880A8F1DBC0B54320B4CEB0 /* Frameworks */ = {
			isa = PBXGroup;
			children = (
				06A34AD52175C0288B8E31EA /* Pods_apiFetchingInCollectionViewAndTableView.framework */,
			);
			name = Frameworks;
			sourceTree = "<group>";
		};
/* End PBXGroup section */

/* Begin PBXNativeTarget section */
		78C74BF9294DA1DC00EE35F8 /* apiFetchingInCollectionViewAndTableView */ = {
			isa = PBXNativeTarget;
			buildConfigurationList = 78C74C0E294DA1DE00EE35F8 /* Build configuration list for PBXNativeTarget "apiFetchingInCollectionViewAndTableView" */;
			buildPhases = (
				DDAEE0D3CA93EA7F4DDFD17B /* [CP] Check Pods Manifest.lock */,
				78C74BF6294DA1DC00EE35F8 /* Sources */,
				78C74BF7294DA1DC00EE35F8 /* Frameworks */,
				78C74BF8294DA1DC00EE35F8 /* Resources */,
				C15E74BF0EBB3EFF55FC5C38 /* [CP] Embed Pods Frameworks */,
			);
			buildRules = (
			);
			dependencies = (
			);
			name = apiFetchingInCollectionViewAndTableView;
			productName = apiFetchingInCollectionViewAndTableView;
			productReference = 78C74BFA294DA1DC00EE35F8 /* apiFetchingInCollectionViewAndTableView.app */;
			productType = "com.apple.product-type.application";
		};
/* End PBXNativeTarget section */

/* Begin PBXProject section */
		78C74BF2294DA1DC00EE35F8 /* Project object */ = {
			isa = PBXProject;
			attributes = {
				BuildIndependentTargetsInParallel = 1;
				LastSwiftUpdateCheck = 1400;
				LastUpgradeCheck = 1400;
				TargetAttributes = {
					78C74BF9294DA1DC00EE35F8 = {
						CreatedOnToolsVersion = 14.0.1;
					};
				};
			};
			buildConfigurationList = 78C74BF5294DA1DC00EE35F8 /* Build configuration list for PBXProject "apiFetchingInCollectionViewAndTableView" */;
			compatibilityVersion = "Xcode 14.0";
			developmentRegion = en;
			hasScannedForEncodings = 0;
			knownRegions = (
				en,
				Base,
			);
			mainGroup = 78C74BF1294DA1DC00EE35F8;
			productRefGroup = 78C74BFB294DA1DC00EE35F8 /* Products */;
			projectDirPath = "";
			projectRoot = "";
			targets = (
				78C74BF9294DA1DC00EE35F8 /* apiFetchingInCollectionViewAndTableView */,
			);
		};
/* End PBXProject section */

/* Begin PBXResourcesBuildPhase section */
		78C74BF8294DA1DC00EE35F8 /* Resources */ = {
			isa = PBXResourcesBuildPhase;
			buildActionMask = 2147483647;
			files = (
				78C74C0A294DA1DE00EE35F8 /* LaunchScreen.storyboard in Resources */,
				78C74C07294DA1DE00EE35F8 /* Assets.xcassets in Resources */,
				78C74C14294DA44D00EE35F8 /* productCollectionViewCell.xib in Resources */,
				78C74C05294DA1DC00EE35F8 /* Main.storyboard in Resources */,
				78C74C18294DA51600EE35F8 /* UserTableViewCell.xib in Resources */,
			);
			runOnlyForDeploymentPostprocessing = 0;
		};
/* End PBXResourcesBuildPhase section */

/* Begin PBXShellScriptBuildPhase section */
		C15E74BF0EBB3EFF55FC5C38 /* [CP] Embed Pods Frameworks */ = {
			isa = PBXShellScriptBuildPhase;
			buildActionMask = 2147483647;
			files = (
			);
			inputFileListPaths = (
				"${PODS_ROOT}/Target Support Files/Pods-apiFetchingInCollectionViewAndTableView/Pods-apiFetchingInCollectionViewAndTableView-frameworks-${CONFIGURATION}-input-files.xcfilelist",
			);
			name = "[CP] Embed Pods Frameworks";
			outputFileListPaths = (
				"${PODS_ROOT}/Target Support Files/Pods-apiFetchingInCollectionViewAndTableView/Pods-apiFetchingInCollectionViewAndTableView-frameworks-${CONFIGURATION}-output-files.xcfilelist",
			);
			runOnlyForDeploymentPostprocessing = 0;
			shellPath = /bin/sh;
			shellScript = "\"${PODS_ROOT}/Target Support Files/Pods-apiFetchingInCollectionViewAndTableView/Pods-apiFetchingInCollectionViewAndTableView-frameworks.sh\"\n";
			showEnvVarsInLog = 0;
		};
		DDAEE0D3CA93EA7F4DDFD17B /* [CP] Check Pods Manifest.lock */ = {
			isa = PBXShellScriptBuildPhase;
			buildActionMask = 2147483647;
			files = (
			);
			inputFileListPaths = (
			);
			inputPaths = (
				"${PODS_PODFILE_DIR_PATH}/Podfile.lock",
				"${PODS_ROOT}/Manifest.lock",
			);
			name = "[CP] Check Pods Manifest.lock";
			outputFileListPaths = (
			);
			outputPaths = (
				"$(DERIVED_FILE_DIR)/Pods-apiFetchingInCollectionViewAndTableView-checkManifestLockResult.txt",
			);
			runOnlyForDeploymentPostprocessing = 0;
			shellPath = /bin/sh;
			shellScript = "diff \"${PODS_PODFILE_DIR_PATH}/Podfile.lock\" \"${PODS_ROOT}/Manifest.lock\" > /dev/null\nif [ $? != 0 ] ; then\n    # print error to STDERR\n    echo \"error: The sandbox is not in sync with the Podfile.lock. Run 'pod install' or update your CocoaPods installation.\" >&2\n    exit 1\nfi\n# This output is used by Xcode 'outputs' to avoid re-running this script phase.\necho \"SUCCESS\" > \"${SCRIPT_OUTPUT_FILE_0}\"\n";
			showEnvVarsInLog = 0;
		};
/* End PBXShellScriptBuildPhase section */

/* Begin PBXSourcesBuildPhase section */
		78C74BF6294DA1DC00EE35F8 /* Sources */ = {
			isa = PBXSourcesBuildPhase;
			buildActionMask = 2147483647;
			files = (
				78C74C02294DA1DC00EE35F8 /* ViewController.swift in Sources */,
				78C74C1A294DA61600EE35F8 /* productModel.swift in Sources */,
				78C74C1C294DA62900EE35F8 /* userModel.swift in Sources */,
				78C74BFE294DA1DC00EE35F8 /* AppDelegate.swift in Sources */,
				78C74C13294DA44D00EE35F8 /* productCollectionViewCell.swift in Sources */,
				78C74C00294DA1DC00EE35F8 /* SceneDelegate.swift in Sources */,
				78C74C17294DA51600EE35F8 /* UserTableViewCell.swift in Sources */,
			);
			runOnlyForDeploymentPostprocessing = 0;
		};
/* End PBXSourcesBuildPhase section */

/* Begin PBXVariantGroup section */
		78C74C03294DA1DC00EE35F8 /* Main.storyboard */ = {
			isa = PBXVariantGroup;
			children = (
				78C74C04294DA1DC00EE35F8 /* Base */,
			);
			name = Main.storyboard;
			sourceTree = "<group>";
		};
		78C74C08294DA1DE00EE35F8 /* LaunchScreen.storyboard */ = {
			isa = PBXVariantGroup;
			children = (
				78C74C09294DA1DE00EE35F8 /* Base */,
			);
			name = LaunchScreen.storyboard;
			sourceTree = "<group>";
		};
/* End PBXVariantGroup section */

/* Begin XCBuildConfiguration section */
		78C74C0C294DA1DE00EE35F8 /* Debug */ = {
			isa = XCBuildConfiguration;
			buildSettings = {
				ALWAYS_SEARCH_USER_PATHS = NO;
				CLANG_ANALYZER_NONNULL = YES;
				CLANG_ANALYZER_NUMBER_OBJECT_CONVERSION = YES_AGGRESSIVE;
				CLANG_CXX_LANGUAGE_STANDARD = "gnu++20";
				CLANG_ENABLE_MODULES = YES;
				CLANG_ENABLE_OBJC_ARC = YES;
				CLANG_ENABLE_OBJC_WEAK = YES;
				CLANG_WARN_BLOCK_CAPTURE_AUTORELEASING = YES;
				CLANG_WARN_BOOL_CONVERSION = YES;
				CLANG_WARN_COMMA = YES;
				CLANG_WARN_CONSTANT_CONVERSION = YES;
				CLANG_WARN_DEPRECATED_OBJC_IMPLEMENTATIONS = YES;
				CLANG_WARN_DIRECT_OBJC_ISA_USAGE = YES_ERROR;
				CLANG_WARN_DOCUMENTATION_COMMENTS = YES;
				CLANG_WARN_EMPTY_BODY = YES;
				CLANG_WARN_ENUM_CONVERSION = YES;
				CLANG_WARN_INFINITE_RECURSION = YES;
				CLANG_WARN_INT_CONVERSION = YES;
				CLANG_WARN_NON_LITERAL_NULL_CONVERSION = YES;
				CLANG_WARN_OBJC_IMPLICIT_RETAIN_SELF = YES;
				CLANG_WARN_OBJC_LITERAL_CONVERSION = YES;
				CLANG_WARN_OBJC_ROOT_CLASS = YES_ERROR;
				CLANG_WARN_QUOTED_INCLUDE_IN_FRAMEWORK_HEADER = YES;
				CLANG_WARN_RANGE_LOOP_ANALYSIS = YES;
				CLANG_WARN_STRICT_PROTOTYPES = YES;
				CLANG_WARN_SUSPICIOUS_MOVE = YES;
				CLANG_WARN_UNGUARDED_AVAILABILITY = YES_AGGRESSIVE;
				CLANG_WARN_UNREACHABLE_CODE = YES;
				CLANG_WARN__DUPLICATE_METHOD_MATCH = YES;
				COPY_PHASE_STRIP = NO;
				DEBUG_INFORMATION_FORMAT = dwarf;
				ENABLE_STRICT_OBJC_MSGSEND = YES;
				ENABLE_TESTABILITY = YES;
				GCC_C_LANGUAGE_STANDARD = gnu11;
				GCC_DYNAMIC_NO_PIC = NO;
				GCC_NO_COMMON_BLOCKS = YES;
				GCC_OPTIMIZATION_LEVEL = 0;
				GCC_PREPROCESSOR_DEFINITIONS = (
					"DEBUG=1",
					"$(inherited)",
				);
				GCC_WARN_64_TO_32_BIT_CONVERSION = YES;
				GCC_WARN_ABOUT_RETURN_TYPE = YES_ERROR;
				GCC_WARN_UNDECLARED_SELECTOR = YES;
				GCC_WARN_UNINITIALIZED_AUTOS = YES_AGGRESSIVE;
				GCC_WARN_UNUSED_FUNCTION = YES;
				GCC_WARN_UNUSED_VARIABLE = YES;
				IPHONEOS_DEPLOYMENT_TARGET = 16.0;
				MTL_ENABLE_DEBUG_INFO = INCLUDE_SOURCE;
				MTL_FAST_MATH = YES;
				ONLY_ACTIVE_ARCH = YES;
				SDKROOT = iphoneos;
				SWIFT_ACTIVE_COMPILATION_CONDITIONS = DEBUG;
				SWIFT_OPTIMIZATION_LEVEL = "-Onone";
			};
			name = Debug;
		};
		78C74C0D294DA1DE00EE35F8 /* Release */ = {
			isa = XCBuildConfiguration;
			buildSettings = {
				ALWAYS_SEARCH_USER_PATHS = NO;
				CLANG_ANALYZER_NONNULL = YES;
				CLANG_ANALYZER_NUMBER_OBJECT_CONVERSION = YES_AGGRESSIVE;
				CLANG_CXX_LANGUAGE_STANDARD = "gnu++20";
				CLANG_ENABLE_MODULES = YES;
				CLANG_ENABLE_OBJC_ARC = YES;
				CLANG_ENABLE_OBJC_WEAK = YES;
				CLANG_WARN_BLOCK_CAPTURE_AUTORELEASING = YES;
				CLANG_WARN_BOOL_CONVERSION = YES;
				CLANG_WARN_COMMA = YES;
				CLANG_WARN_CONSTANT_CONVERSION = YES;
				CLANG_WARN_DEPRECATED_OBJC_IMPLEMENTATIONS = YES;
				CLANG_WARN_DIRECT_OBJC_ISA_USAGE = YES_ERROR;
				CLANG_WARN_DOCUMENTATION_COMMENTS = YES;
				CLANG_WARN_EMPTY_BODY = YES;
				CLANG_WARN_ENUM_CONVERSION = YES;
				CLANG_WARN_INFINITE_RECURSION = YES;
				CLANG_WARN_INT_CONVERSION = YES;
				CLANG_WARN_NON_LITERAL_NULL_CONVERSION = YES;
				CLANG_WARN_OBJC_IMPLICIT_RETAIN_SELF = YES;
				CLANG_WARN_OBJC_LITERAL_CONVERSION = YES;
				CLANG_WARN_OBJC_ROOT_CLASS = YES_ERROR;
				CLANG_WARN_QUOTED_INCLUDE_IN_FRAMEWORK_HEADER = YES;
				CLANG_WARN_RANGE_LOOP_ANALYSIS = YES;
				CLANG_WARN_STRICT_PROTOTYPES = YES;
				CLANG_WARN_SUSPICIOUS_MOVE = YES;
				CLANG_WARN_UNGUARDED_AVAILABILITY = YES_AGGRESSIVE;
				CLANG_WARN_UNREACHABLE_CODE = YES;
				CLANG_WARN__DUPLICATE_METHOD_MATCH = YES;
				COPY_PHASE_STRIP = NO;
				DEBUG_INFORMATION_FORMAT = "dwarf-with-dsym";
				ENABLE_NS_ASSERTIONS = NO;
				ENABLE_STRICT_OBJC_MSGSEND = YES;
				GCC_C_LANGUAGE_STANDARD = gnu11;
				GCC_NO_COMMON_BLOCKS = YES;
				GCC_WARN_64_TO_32_BIT_CONVERSION = YES;
				GCC_WARN_ABOUT_RETURN_TYPE = YES_ERROR;
				GCC_WARN_UNDECLARED_SELECTOR = YES;
				GCC_WARN_UNINITIALIZED_AUTOS = YES_AGGRESSIVE;
				GCC_WARN_UNUSED_FUNCTION = YES;
				GCC_WARN_UNUSED_VARIABLE = YES;
				IPHONEOS_DEPLOYMENT_TARGET = 16.0;
				MTL_ENABLE_DEBUG_INFO = NO;
				MTL_FAST_MATH = YES;
				SDKROOT = iphoneos;
				SWIFT_COMPILATION_MODE = wholemodule;
				SWIFT_OPTIMIZATION_LEVEL = "-O";
				VALIDATE_PRODUCT = YES;
			};
			name = Release;
		};
		78C74C0F294DA1DE00EE35F8 /* Debug */ = {
			isa = XCBuildConfiguration;
			baseConfigurationReference = 78314E06A60092344D4696C5 /* Pods-apiFetchingInCollectionViewAndTableView.debug.xcconfig */;
			buildSettings = {
				ASSETCATALOG_COMPILER_APPICON_NAME = AppIcon;
				ASSETCATALOG_COMPILER_GLOBAL_ACCENT_COLOR_NAME = AccentColor;
				CODE_SIGN_STYLE = Automatic;
				CURRENT_PROJECT_VERSION = 1;
				GENERATE_INFOPLIST_FILE = YES;
				INFOPLIST_FILE = apiFetchingInCollectionViewAndTableView/Info.plist;
				INFOPLIST_KEY_UIApplicationSupportsIndirectInputEvents = YES;
				INFOPLIST_KEY_UILaunchStoryboardName = LaunchScreen;
				INFOPLIST_KEY_UIMainStoryboardFile = Main;
				INFOPLIST_KEY_UISupportedInterfaceOrientations_iPad = "UIInterfaceOrientationPortrait UIInterfaceOrientationPortraitUpsideDown UIInterfaceOrientationLandscapeLeft UIInterfaceOrientationLandscapeRight";
				INFOPLIST_KEY_UISupportedInterfaceOrientations_iPhone = "UIInterfaceOrientationPortrait UIInterfaceOrientationLandscapeLeft UIInterfaceOrientationLandscapeRight";
				LD_RUNPATH_SEARCH_PATHS = (
					"$(inherited)",
					"@executable_path/Frameworks",
				);
				MARKETING_VERSION = 1.0;
				PRODUCT_BUNDLE_IDENTIFIER = com.google.apiFetchingInCollectionViewAndTableView;
				PRODUCT_NAME = "$(TARGET_NAME)";
				SWIFT_EMIT_LOC_STRINGS = YES;
				SWIFT_VERSION = 5.0;
				TARGETED_DEVICE_FAMILY = "1,2";
			};
			name = Debug;
		};
		78C74C10294DA1DE00EE35F8 /* Release */ = {
			isa = XCBuildConfiguration;
			baseConfigurationReference = 632F9F59D348914D150CF551 /* Pods-apiFetchingInCollectionViewAndTableView.release.xcconfig */;
			buildSettings = {
				ASSETCATALOG_COMPILER_APPICON_NAME = AppIcon;
				ASSETCATALOG_COMPILER_GLOBAL_ACCENT_COLOR_NAME = AccentColor;
				CODE_SIGN_STYLE = Automatic;
				CURRENT_PROJECT_VERSION = 1;
				GENERATE_INFOPLIST_FILE = YES;
				INFOPLIST_FILE = apiFetchingInCollectionViewAndTableView/Info.plist;
				INFOPLIST_KEY_UIApplicationSupportsIndirectInputEvents = YES;
				INFOPLIST_KEY_UILaunchStoryboardName = LaunchScreen;
				INFOPLIST_KEY_UIMainStoryboardFile = Main;
				INFOPLIST_KEY_UISupportedInterfaceOrientations_iPad = "UIInterfaceOrientationPortrait UIInterfaceOrientationPortraitUpsideDown UIInterfaceOrientationLandscapeLeft UIInterfaceOrientationLandscapeRight";
				INFOPLIST_KEY_UISupportedInterfaceOrientations_iPhone = "UIInterfaceOrientationPortrait UIInterfaceOrientationLandscapeLeft UIInterfaceOrientationLandscapeRight";
				LD_RUNPATH_SEARCH_PATHS = (
					"$(inherited)",
					"@executable_path/Frameworks",
				);
				MARKETING_VERSION = 1.0;
				PRODUCT_BUNDLE_IDENTIFIER = com.google.apiFetchingInCollectionViewAndTableView;
				PRODUCT_NAME = "$(TARGET_NAME)";
				SWIFT_EMIT_LOC_STRINGS = YES;
				SWIFT_VERSION = 5.0;
				TARGETED_DEVICE_FAMILY = "1,2";
			};
			name = Release;
		};
/* End XCBuildConfiguration section */

/* Begin XCConfigurationList section */
		78C74BF5294DA1DC00EE35F8 /* Build configuration list for PBXProject "apiFetchingInCollectionViewAndTableView" */ = {
			isa = XCConfigurationList;
			buildConfigurations = (
				78C74C0C294DA1DE00EE35F8 /* Debug */,
				78C74C0D294DA1DE00EE35F8 /* Release */,
			);
			defaultConfigurationIsVisible = 0;
			defaultConfigurationName = Release;
		};
		78C74C0E294DA1DE00EE35F8 /* Build configuration list for PBXNativeTarget "apiFetchingInCollectionViewAndTableView" */ = {
			isa = XCConfigurationList;
			buildConfigurations = (
				78C74C0F294DA1DE00EE35F8 /* Debug */,
				78C74C10294DA1DE00EE35F8 /* Release */,
			);
			defaultConfigurationIsVisible = 0;
			defaultConfigurationName = Release;
		};
/* End XCConfigurationList section */
	};
	rootObject = 78C74BF2294DA1DC00EE35F8 /* Project object */;
}
